{
  "name": "prop-test",
  "version": "1.0.0",
  "lockfileVersion": 3,
  "requires": true,
  "packages": {
    "": {
      "name": "prop-test",
      "version": "1.0.0",
      "license": "ISC",
      "devDependencies": {
        "@playwright/test": "^1.37.1",
        "emmet-ls": "^0.4.2"
      }
    },
    "node_modules/@emmetio/abbreviation": {
      "version": "2.3.3",
      "resolved": "https://registry.npmjs.org/@emmetio/abbreviation/-/abbreviation-2.3.3.tgz",
      "integrity": "sha512-mgv58UrU3rh4YgbE/TzgLQwJ3pFsHHhCLqY20aJq+9comytTXUDNGG/SMtSeMJdkpxgXSXunBGLD8Boka3JyVA==",
      "dev": true,
      "dependencies": {
        "@emmetio/scanner": "^1.0.4"
      }
    },
    "node_modules/@emmetio/css-abbreviation": {
      "version": "2.1.8",
      "resolved": "https://registry.npmjs.org/@emmetio/css-abbreviation/-/css-abbreviation-2.1.8.tgz",
      "integrity": "sha512-s9yjhJ6saOO/uk1V74eifykk2CBYi01STTK3WlXWGOepyKa23ymJ053+DNQjpFcy1ingpaO7AxCcwLvHFY9tuw==",
      "dev": true,
      "dependencies": {
        "@emmetio/scanner": "^1.0.4"
      }
    },
    "node_modules/@emmetio/scanner": {
      "version": "1.0.4",
      "resolved": "https://registry.npmjs.org/@emmetio/scanner/-/scanner-1.0.4.tgz",
      "integrity": "sha512-IqRuJtQff7YHHBk4G8YZ45uB9BaAGcwQeVzgj/zj8/UdOhtQpEIupUhSk8dys6spFIWVZVeK20CzGEnqR5SbqA==",
      "dev": true
    },
    "node_modules/@playwright/test": {
      "version": "1.37.1",
      "resolved": "https://registry.npmjs.org/@playwright/test/-/test-1.37.1.tgz",
      "integrity": "sha512-bq9zTli3vWJo8S3LwB91U0qDNQDpEXnw7knhxLM0nwDvexQAwx9tO8iKDZSqqneVq+URd/WIoz+BALMqUTgdSg==",
      "dev": true,
      "dependencies": {
        "@types/node": "*",
        "playwright-core": "1.37.1"
      },
      "bin": {
        "playwright": "cli.js"
      },
      "engines": {
        "node": ">=16"
      },
      "optionalDependencies": {
        "fsevents": "2.3.2"
      }
    },
    "node_modules/@types/node": {
      "version": "20.5.4",
      "resolved": "https://registry.npmjs.org/@types/node/-/node-20.5.4.tgz",
      "integrity": "sha512-Y9vbIAoM31djQZrPYjpTLo0XlaSwOIsrlfE3LpulZeRblttsLQRFRlBAppW0LOxyT3ALj2M5vU1ucQQayQH3jA==",
      "dev": true
    },
    "node_modules/emmet": {
      "version": "2.4.6",
      "resolved": "https://registry.npmjs.org/emmet/-/emmet-2.4.6.tgz",
      "integrity": "sha512-dJfbdY/hfeTyf/Ef7Y7ubLYzkBvPQ912wPaeVYpAxvFxkEBf/+hJu4H6vhAvFN6HlxqedlfVn2x1S44FfQ97pg==",
      "dev": true,
      "dependencies": {
        "@emmetio/abbreviation": "^2.3.3",
        "@emmetio/css-abbreviation": "^2.1.8"
      }
    },
    "node_modules/emmet-ls": {
      "version": "0.4.2",
      "resolved": "https://registry.npmjs.org/emmet-ls/-/emmet-ls-0.4.2.tgz",
      "integrity": "sha512-nwiUsbph9c4TkZjrKb7OqrUG6XQ3AxmmVn3IDR6FTx/xLLAegpmSxfOrvvPADbz9vOkSP6jjShpux1tNrqqIkQ==",
      "dev": true,
      "dependencies": {
        "@types/node": "^17.0.45",
        "emmet": "^2.3.6",
        "typescript": "^4.8.4",
        "vscode-languageserver": "^7.0.0",
        "vscode-languageserver-textdocument": "^1.0.7"
      },
      "bin": {
        "emmet-ls": "out/server.js"
      },
      "engines": {
        "node": "*"
      }
    },
    "node_modules/emmet-ls/node_modules/@types/node": {
      "version": "17.0.45",
      "resolved": "https://registry.npmjs.org/@types/node/-/node-17.0.45.tgz",
      "integrity": "sha512-w+tIMs3rq2afQdsPJlODhoUEKzFP1ayaoyl1CcnwtIlsVe7K7bA1NGm4s3PraqTLlXnbIN84zuBlxBWo1u9BLw==",
      "dev": true
    },
    "node_modules/fsevents": {
      "version": "2.3.2",
      "resolved": "https://registry.npmjs.org/fsevents/-/fsevents-2.3.2.tgz",
      "integrity": "sha512-xiqMQR4xAeHTuB9uWm+fFRcIOgKBMiOBP+eXiyT7jsgVCq1bkVygt00oASowB7EdtpOHaaPgKt812P9ab+DDKA==",
      "dev": true,
      "hasInstallScript": true,
      "optional": true,
      "os": [
        "darwin"
      ],
      "engines": {
        "node": "^8.16.0 || ^10.6.0 || >=11.0.0"
      }
    },
    "node_modules/playwright-core": {
      "version": "1.37.1",
      "resolved": "https://registry.npmjs.org/playwright-core/-/playwright-core-1.37.1.tgz",
      "integrity": "sha512-17EuQxlSIYCmEMwzMqusJ2ztDgJePjrbttaefgdsiqeLWidjYz9BxXaTaZWxH1J95SHGk6tjE+dwgWILJoUZfA==",
      "dev": true,
      "bin": {
        "playwright-core": "cli.js"
      },
      "engines": {
        "node": ">=16"
      }
    },
    "node_modules/typescript": {
      "version": "4.9.5",
      "resolved": "https://registry.npmjs.org/typescript/-/typescript-4.9.5.tgz",
      "integrity": "sha512-1FXk9E2Hm+QzZQ7z+McJiHL4NW1F2EzMu9Nq9i3zAaGqibafqYwCVU6WyWAuyQRRzOlxou8xZSyXLEN8oKj24g==",
      "dev": true,
      "bin": {
        "tsc": "bin/tsc",
        "tsserver": "bin/tsserver"
      },
      "engines": {
        "node": ">=4.2.0"
      }
    },
    "node_modules/vscode-jsonrpc": {
      "version": "6.0.0",
      "resolved": "https://registry.npmjs.org/vscode-jsonrpc/-/vscode-jsonrpc-6.0.0.tgz",
      "integrity": "sha512-wnJA4BnEjOSyFMvjZdpiOwhSq9uDoK8e/kpRJDTaMYzwlkrhG1fwDIZI94CLsLzlCK5cIbMMtFlJlfR57Lavmg==",
      "dev": true,
      "engines": {
        "node": ">=8.0.0 || >=10.0.0"
      }
    },
    "node_modules/vscode-languageserver": {
      "version": "7.0.0",
      "resolved": "https://registry.npmjs.org/vscode-languageserver/-/vscode-languageserver-7.0.0.tgz",
      "integrity": "sha512-60HTx5ID+fLRcgdHfmz0LDZAXYEV68fzwG0JWwEPBode9NuMYTIxuYXPg4ngO8i8+Ou0lM7y6GzaYWbiDL0drw==",
      "dev": true,
      "dependencies": {
        "vscode-languageserver-protocol": "3.16.0"
      },
      "bin": {
        "installServerIntoExtension": "bin/installServerIntoExtension"
      }
    },
    "node_modules/vscode-languageserver-protocol": {
      "version": "3.16.0",
      "resolved": "https://registry.npmjs.org/vscode-languageserver-protocol/-/vscode-languageserver-protocol-3.16.0.tgz",
      "integrity": "sha512-sdeUoAawceQdgIfTI+sdcwkiK2KU+2cbEYA0agzM2uqaUy2UpnnGHtWTHVEtS0ES4zHU0eMFRGN+oQgDxlD66A==",
      "dev": true,
      "dependencies": {
        "vscode-jsonrpc": "6.0.0",
        "vscode-languageserver-types": "3.16.0"
      }
    },
    "node_modules/vscode-languageserver-textdocument": {
      "version": "1.0.8",
      "resolved": "https://registry.npmjs.org/vscode-languageserver-textdocument/-/vscode-languageserver-textdocument-1.0.8.tgz",
      "integrity": "sha512-1bonkGqQs5/fxGT5UchTgjGVnfysL0O8v1AYMBjqTbWQTFn721zaPGDYFkOKtfDgFiSgXM3KwaG3FMGfW4Ed9Q==",
      "dev": true
    },
    "node_modules/vscode-languageserver-types": {
      "version": "3.16.0",
      "resolved": "https://registry.npmjs.org/vscode-languageserver-types/-/vscode-languageserver-types-3.16.0.tgz",
      "integrity": "sha512-k8luDIWJWyenLc5ToFQQMaSrqCHiLwyKPHKPQZ5zz21vM+vIVUSvsRpcbiECH4WR88K2XZqc4ScRcZ7nk/jbeA==",
      "dev": true
    }
  }
}
